
Microsoft Visual Studio Solution File, Format Version 11.00
# Visual Studio 2010
Project("{FAE04EC0-301F-11D3-BF4B-00C04F79EFBC}") = "DShowNetLib", "DShowNetLib\DShowNetLib.csproj", "{FD06D3EB-2702-4A76-A0C5-05336D27D452}"
EndProject
Project("{FAE04EC0-301F-11D3-BF4B-00C04F79EFBC}") = "DShowWpfApp", "DShowWpfApp\DShowWpfApp.csproj", "{985A1E9A-4E31-439E-A1B6-AF1290128728}"
EndProject
Project("{FAE04EC0-301F-11D3-BF4B-00C04F79EFBC}") = "SharedMemory", "SharedMemory\SharedMemory.csproj", "{25FEC48A-0AC6-4720-A592-C0AAA94D8C52}"
EndProject
Global
	GlobalSection(SolutionConfigurationPlatforms) = preSolution
		Debug|Any CPU = Debug|Any CPU
		Debug|Mixed Platforms = Debug|Mixed Platforms
		Debug|x64 = Debug|x64
		Debug|x86 = Debug|x86
		Release|Any CPU = Release|Any CPU
		Release|Mixed Platforms = Release|Mixed Platforms
		Release|x64 = Release|x64
		Release|x86 = Release|x86
	EndGlobalSection
	GlobalSection(ProjectConfigurationPlatforms) = postSolution
		{FD06D3EB-2702-4A76-A0C5-05336D27D452}.Debug|Any CPU.ActiveCfg = Debug|Any CPU
		{FD06D3EB-2702-4A76-A0C5-05336D27D452}.Debug|Any CPU.Build.0 = Debug|Any CPU
		{FD06D3EB-2702-4A76-A0C5-05336D27D452}.Debug|Mixed Platforms.ActiveCfg = Debug|x64
		{FD06D3EB-2702-4A76-A0C5-05336D27D452}.Debug|Mixed Platforms.Build.0 = Debug|x64
		{FD06D3EB-2702-4A76-A0C5-05336D27D452}.Debug|x64.ActiveCfg = Debug|x64
		{FD06D3EB-2702-4A76-A0C5-05336D27D452}.Debug|x64.Build.0 = Debug|x64
		{FD06D3EB-2702-4A76-A0C5-05336D27D452}.Debug|x86.ActiveCfg = Debug|x64
		{FD06D3EB-2702-4A76-A0C5-05336D27D452}.Release|Any CPU.ActiveCfg = Release|Any CPU
		{FD06D3EB-2702-4A76-A0C5-05336D27D452}.Release|Any CPU.Build.0 = Release|Any CPU
		{FD06D3EB-2702-4A76-A0C5-05336D27D452}.Release|Mixed Platforms.ActiveCfg = Release|x64
		{FD06D3EB-2702-4A76-A0C5-05336D27D452}.Release|Mixed Platforms.Build.0 = Release|x64
		{FD06D3EB-2702-4A76-A0C5-05336D27D452}.Release|x64.ActiveCfg = Release|x64
		{FD06D3EB-2702-4A76-A0C5-05336D27D452}.Release|x64.Build.0 = Release|x64
		{FD06D3EB-2702-4A76-A0C5-05336D27D452}.Release|x86.ActiveCfg = Release|x64
		{985A1E9A-4E31-439E-A1B6-AF1290128728}.Debug|Any CPU.ActiveCfg = Debug|x86
		{985A1E9A-4E31-439E-A1B6-AF1290128728}.Debug|Mixed Platforms.ActiveCfg = Debug|x64
		{985A1E9A-4E31-439E-A1B6-AF1290128728}.Debug|Mixed Platforms.Build.0 = Debug|x64
		{985A1E9A-4E31-439E-A1B6-AF1290128728}.Debug|x64.ActiveCfg = Debug|x86
		{985A1E9A-4E31-439E-A1B6-AF1290128728}.Debug|x86.ActiveCfg = Debug|x86
		{985A1E9A-4E31-439E-A1B6-AF1290128728}.Debug|x86.Build.0 = Debug|x86
		{985A1E9A-4E31-439E-A1B6-AF1290128728}.Release|Any CPU.ActiveCfg = Release|x86
		{985A1E9A-4E31-439E-A1B6-AF1290128728}.Release|Mixed Platforms.ActiveCfg = Release|x86
		{985A1E9A-4E31-439E-A1B6-AF1290128728}.Release|Mixed Platforms.Build.0 = Release|x86
		{985A1E9A-4E31-439E-A1B6-AF1290128728}.Release|x64.ActiveCfg = Release|x86
		{985A1E9A-4E31-439E-A1B6-AF1290128728}.Release|x86.ActiveCfg = Release|x86
		{985A1E9A-4E31-439E-A1B6-AF1290128728}.Release|x86.Build.0 = Release|x86
		{25FEC48A-0AC6-4720-A592-C0AAA94D8C52}.Debug|Any CPU.ActiveCfg = Debug|Any CPU
		{25FEC48A-0AC6-4720-A592-C0AAA94D8C52}.Debug|Any CPU.Build.0 = Debug|Any CPU
		{25FEC48A-0AC6-4720-A592-C0AAA94D8C52}.Debug|Mixed Platforms.ActiveCfg = Debug|Any CPU
		{25FEC48A-0AC6-4720-A592-C0AAA94D8C52}.Debug|Mixed Platforms.Build.0 = Debug|Any CPU
		{25FEC48A-0AC6-4720-A592-C0AAA94D8C52}.Debug|x64.ActiveCfg = Debug|Any CPU
		{25FEC48A-0AC6-4720-A592-C0AAA94D8C52}.Debug|x86.ActiveCfg = Debug|Any CPU
		{25FEC48A-0AC6-4720-A592-C0AAA94D8C52}.Release|Any CPU.ActiveCfg = Release|Any CPU
		{25FEC48A-0AC6-4720-A592-C0AAA94D8C52}.Release|Any CPU.Build.0 = Release|Any CPU
		{25FEC48A-0AC6-4720-A592-C0AAA94D8C52}.Release|Mixed Platforms.ActiveCfg = Release|Any CPU
		{25FEC48A-0AC6-4720-A592-C0AAA94D8C52}.Release|Mixed Platforms.Build.0 = Release|Any CPU
		{25FEC48A-0AC6-4720-A592-C0AAA94D8C52}.Release|x64.ActiveCfg = Release|Any CPU
		{25FEC48A-0AC6-4720-A592-C0AAA94D8C52}.Release|x86.ActiveCfg = Release|Any CPU
	EndGlobalSection
	GlobalSection(SolutionProperties) = preSolution
		HideSolutionNode = FALSE
	EndGlobalSection
EndGlobal
